
Microsoft Visual Studio Solution File, Format Version 12.00
# Visual Studio Version 16
VisualStudioVersion = 16.0.30225.117
MinimumVisualStudioVersion = 10.0.40219.1
Project("{9A19103F-16F7-4668-BE54-9A1E7A4F7556}") = "DisplayAScene", "DisplayAScene.csproj", "{5F2AC47A-B042-4338-B54D-3DC6CB4B2B8E}"
EndProject
Global
	GlobalSection(SolutionConfigurationPlatforms) = preSolution
		Debug|Any CPU = Debug|Any CPU
		Release|Any CPU = Release|Any CPU
	EndGlobalSection
	GlobalSection(ProjectConfigurationPlatforms) = postSolution
		{5F2AC47A-B042-4338-B54D-3DC6CB4B2B8E}.Debug|Any CPU.ActiveCfg = Debug|Any CPU
		{5F2AC47A-B042-4338-B54D-3DC6CB4B2B8E}.Debug|Any CPU.Build.0 = Debug|Any CPU
		{5F2AC47A-B042-4338-B54D-3DC6CB4B2B8E}.Release|Any CPU.ActiveCfg = Release|Any CPU
		{5F2AC47A-B042-4338-B54D-3DC6CB4B2B8E}.Release|Any CPU.Build.0 = Release|Any CPU
	EndGlobalSection
	GlobalSection(SolutionProperties) = preSolution
		HideSolutionNode = FALSE
	EndGlobalSection
	GlobalSection(ExtensibilityGlobals) = postSolution
		SolutionGuid = {8339E76A-3BBE-49BA-9EC6-004EDF102821}
	EndGlobalSection
EndGlobal
