
Microsoft Visual Studio Solution File, Format Version 12.00
# Visual Studio 2012
Project("{FAE04EC0-301F-11D3-BF4B-00C04F79EFBC}") = "multiproject", "multiproject\multiproject.csproj", "{4ED8C235-3235-48CD-9A88-A0C63090C82E}"
EndProject
Global
	GlobalSection(SolutionConfigurationPlatforms) = preSolution
		Debug|Any CPU = Debug|Any CPU
		Release|Any CPU = Release|Any CPU
	EndGlobalSection
	GlobalSection(ProjectConfigurationPlatforms) = postSolution
		{4ED8C235-3235-48CD-9A88-A0C63090C82E}.Debug|Any CPU.ActiveCfg = Debug|Any CPU
		{4ED8C235-3235-48CD-9A88-A0C63090C82E}.Debug|Any CPU.Build.0 = Debug|Any CPU
		{4ED8C235-3235-48CD-9A88-A0C63090C82E}.Release|Any CPU.ActiveCfg = Release|Any CPU
		{4ED8C235-3235-48CD-9A88-A0C63090C82E}.Release|Any CPU.Build.0 = Release|Any CPU
	EndGlobalSection
	GlobalSection(SolutionProperties) = preSolution
		HideSolutionNode = FALSE
	EndGlobalSection
EndGlobal
