
Microsoft Visual Studio Solution File, Format Version 12.00
# Visual Studio Version 16
VisualStudioVersion = 16.0.29905.134
MinimumVisualStudioVersion = 10.0.40219.1
Project("{FAE04EC0-301F-11D3-BF4B-00C04F79EFBC}") = "create-raster", "ProCreateRaster_CS\create-raster.csproj", "{23ED0535-A9FE-45E9-ADFD-5262826B9843}"
EndProject
Global
	GlobalSection(SolutionConfigurationPlatforms) = preSolution
		Debug|Any CPU = Debug|Any CPU
		Release|Any CPU = Release|Any CPU
	EndGlobalSection
	GlobalSection(ProjectConfigurationPlatforms) = postSolution
		{23ED0535-A9FE-45E9-ADFD-5262826B9843}.Debug|Any CPU.ActiveCfg = Debug|Any CPU
		{23ED0535-A9FE-45E9-ADFD-5262826B9843}.Debug|Any CPU.Build.0 = Debug|Any CPU
		{23ED0535-A9FE-45E9-ADFD-5262826B9843}.Release|Any CPU.ActiveCfg = Release|Any CPU
		{23ED0535-A9FE-45E9-ADFD-5262826B9843}.Release|Any CPU.Build.0 = Release|Any CPU
	EndGlobalSection
	GlobalSection(SolutionProperties) = preSolution
		HideSolutionNode = FALSE
	EndGlobalSection
	GlobalSection(ExtensibilityGlobals) = postSolution
		SolutionGuid = {10AC6B28-637F-46AE-9700-3CAA7EEA7A3D}
	EndGlobalSection
EndGlobal
