
Microsoft Visual Studio Solution File, Format Version 12.00
# Visual Studio 2013
VisualStudioVersion = 12.0.40629.0
MinimumVisualStudioVersion = 10.0.40219.1
Project("{8BC9CEB8-8B4A-11D0-8D11-00A0C91BC942}") = "ATLProject5", "ATLProject5\ATLProject5.vcxproj", "{0C1D049F-A31F-4E84-995A-CED89D9FB6D5}"
EndProject
Project("{8BC9CEB8-8B4A-11D0-8D11-00A0C91BC942}") = "ATLProject5PS", "ATLProject5\ATLProject5PS.vcxproj", "{88B9FD74-E529-498B-8050-2C564DEB131B}"
	ProjectSection(ProjectDependencies) = postProject
		{0C1D049F-A31F-4E84-995A-CED89D9FB6D5} = {0C1D049F-A31F-4E84-995A-CED89D9FB6D5}
	EndProjectSection
EndProject
Global
	GlobalSection(SolutionConfigurationPlatforms) = preSolution
		Debug|Win32 = Debug|Win32
		Release|Win32 = Release|Win32
	EndGlobalSection
	GlobalSection(ProjectConfigurationPlatforms) = postSolution
		{0C1D049F-A31F-4E84-995A-CED89D9FB6D5}.Debug|Win32.ActiveCfg = Debug|Win32
		{0C1D049F-A31F-4E84-995A-CED89D9FB6D5}.Debug|Win32.Build.0 = Debug|Win32
		{0C1D049F-A31F-4E84-995A-CED89D9FB6D5}.Release|Win32.ActiveCfg = Release|Win32
		{0C1D049F-A31F-4E84-995A-CED89D9FB6D5}.Release|Win32.Build.0 = Release|Win32
		{88B9FD74-E529-498B-8050-2C564DEB131B}.Debug|Win32.ActiveCfg = Debug|Win32
		{88B9FD74-E529-498B-8050-2C564DEB131B}.Release|Win32.ActiveCfg = Release|Win32
	EndGlobalSection
	GlobalSection(SolutionProperties) = preSolution
		HideSolutionNode = FALSE
	EndGlobalSection
EndGlobal
