
Microsoft Visual Studio Solution File, Format Version 12.00
# Visual Studio 15
VisualStudioVersion = 15.0.28307.902
MinimumVisualStudioVersion = 10.0.40219.1
Project("{FAE04EC0-301F-11D3-BF4B-00C04F79EFBC}") = "XYResolutionTests", "XYResolutionTests\XYResolutionTests.csproj", "{45561547-C7C5-411D-8371-41EE740DB51D}"
EndProject
Global
	GlobalSection(SolutionConfigurationPlatforms) = preSolution
		Debug|Any CPU = Debug|Any CPU
		Release|Any CPU = Release|Any CPU
	EndGlobalSection
	GlobalSection(ProjectConfigurationPlatforms) = postSolution
		{45561547-C7C5-411D-8371-41EE740DB51D}.Debug|Any CPU.ActiveCfg = Debug|Any CPU
		{45561547-C7C5-411D-8371-41EE740DB51D}.Debug|Any CPU.Build.0 = Debug|Any CPU
		{45561547-C7C5-411D-8371-41EE740DB51D}.Release|Any CPU.ActiveCfg = Release|Any CPU
		{45561547-C7C5-411D-8371-41EE740DB51D}.Release|Any CPU.Build.0 = Release|Any CPU
	EndGlobalSection
	GlobalSection(SolutionProperties) = preSolution
		HideSolutionNode = FALSE
	EndGlobalSection
	GlobalSection(ExtensibilityGlobals) = postSolution
		SolutionGuid = {14140995-C9D0-45F5-8B0E-15275498CCF6}
	EndGlobalSection
EndGlobal
