
Microsoft Visual Studio Solution File, Format Version 12.00
# Visual Studio Version 16
VisualStudioVersion = 16.0.30309.148
MinimumVisualStudioVersion = 10.0.40219.1
Project("{FAE04EC0-301F-11D3-BF4B-00C04F79EFBC}") = "create-layer-file", "create-layer-file\create-layer-file.csproj", "{630F29B7-997B-4901-84DF-F8C27604F575}"
EndProject
Global
	GlobalSection(SolutionConfigurationPlatforms) = preSolution
		Debug|Any CPU = Debug|Any CPU
		Release|Any CPU = Release|Any CPU
	EndGlobalSection
	GlobalSection(ProjectConfigurationPlatforms) = postSolution
		{630F29B7-997B-4901-84DF-F8C27604F575}.Debug|Any CPU.ActiveCfg = Debug|Any CPU
		{630F29B7-997B-4901-84DF-F8C27604F575}.Debug|Any CPU.Build.0 = Debug|Any CPU
		{630F29B7-997B-4901-84DF-F8C27604F575}.Release|Any CPU.ActiveCfg = Release|Any CPU
		{630F29B7-997B-4901-84DF-F8C27604F575}.Release|Any CPU.Build.0 = Release|Any CPU
	EndGlobalSection
	GlobalSection(SolutionProperties) = preSolution
		HideSolutionNode = FALSE
	EndGlobalSection
	GlobalSection(ExtensibilityGlobals) = postSolution
		SolutionGuid = {E0E26FE7-F93E-4490-BC64-E204B05265ED}
	EndGlobalSection
EndGlobal
