
Microsoft Visual Studio Solution File, Format Version 12.00
# Visual Studio Version 17
VisualStudioVersion = 17.10.34916.146
MinimumVisualStudioVersion = 10.0.40219.1
Project("{FAE04EC0-301F-11D3-BF4B-00C04F79EFBC}") = "createCurve", "createCurve\createCurve.csproj", "{D4B4A745-AD05-4978-9EE1-CCA1C3A86632}"
EndProject
Global
	GlobalSection(SolutionConfigurationPlatforms) = preSolution
		Debug|Any CPU = Debug|Any CPU
		Release|Any CPU = Release|Any CPU
	EndGlobalSection
	GlobalSection(ProjectConfigurationPlatforms) = postSolution
		{D4B4A745-AD05-4978-9EE1-CCA1C3A86632}.Debug|Any CPU.ActiveCfg = Debug|Any CPU
		{D4B4A745-AD05-4978-9EE1-CCA1C3A86632}.Debug|Any CPU.Build.0 = Debug|Any CPU
		{D4B4A745-AD05-4978-9EE1-CCA1C3A86632}.Release|Any CPU.ActiveCfg = Release|Any CPU
		{D4B4A745-AD05-4978-9EE1-CCA1C3A86632}.Release|Any CPU.Build.0 = Release|Any CPU
	EndGlobalSection
	GlobalSection(SolutionProperties) = preSolution
		HideSolutionNode = FALSE
	EndGlobalSection
	GlobalSection(ExtensibilityGlobals) = postSolution
		SolutionGuid = {5E18AF4F-EB2B-4C52-901C-EE7DC7A83A2F}
	EndGlobalSection
EndGlobal
