
Microsoft Visual Studio Solution File, Format Version 12.00
# Visual Studio Version 17
VisualStudioVersion = 17.8.34408.163
MinimumVisualStudioVersion = 10.0.40219.1
Project("{9A19103F-16F7-4668-BE54-9A1E7A4F7556}") = "NetFilterFeaturesByFieldSOI", "NetFilterFeaturesByFieldSOI.csproj", "{611E59A2-E1E4-4ED9-8CB6-D3FC2868A74B}"
EndProject
Global
	GlobalSection(SolutionConfigurationPlatforms) = preSolution
		Debug|Any CPU = Debug|Any CPU
		Release|Any CPU = Release|Any CPU
	EndGlobalSection
	GlobalSection(ProjectConfigurationPlatforms) = postSolution
		{611E59A2-E1E4-4ED9-8CB6-D3FC2868A74B}.Debug|Any CPU.ActiveCfg = Debug|Any CPU
		{611E59A2-E1E4-4ED9-8CB6-D3FC2868A74B}.Debug|Any CPU.Build.0 = Debug|Any CPU
		{611E59A2-E1E4-4ED9-8CB6-D3FC2868A74B}.Release|Any CPU.ActiveCfg = Release|Any CPU
		{611E59A2-E1E4-4ED9-8CB6-D3FC2868A74B}.Release|Any CPU.Build.0 = Release|Any CPU
	EndGlobalSection
	GlobalSection(SolutionProperties) = preSolution
		HideSolutionNode = FALSE
	EndGlobalSection
	GlobalSection(ExtensibilityGlobals) = postSolution
		SolutionGuid = {03749842-433E-4CE8-AA0B-4C18A780C712}
	EndGlobalSection
EndGlobal
